// !$*UTF8*$!
{
	archiveVersion = 1;
	classes = {
	};
	objectVersion = 46;
	objects = {

/* Begin PBXBuildFile section */
		4755DE7819C498FC0088B5D2 /* XHSysatemRefreshCollectionViewController.m in Sources */ = {isa = PBXBuildFile; fileRef = 4755DE7519C498FC0088B5D2 /* XHSysatemRefreshCollectionViewController.m */; };
		4755DE7919C498FC0088B5D2 /* XHSystemCollectionViewController.m in Sources */ = {isa = PBXBuildFile; fileRef = 4755DE7719C498FC0088B5D2 /* XHSystemCollectionViewController.m */; };
		7D093BAC1963FE1100F563BD /* NSDate+TimeAgo.m in Sources */ = {isa = PBXBuildFile; fileRef = 7D093BAA1963FE1100F563BD /* NSDate+TimeAgo.m */; };
		7D093BAD1963FE1100F563BD /* NSDateTimeAgo.bundle in Resources */ = {isa = PBXBuildFile; fileRef = 7D093BAB1963FE1100F563BD /* NSDateTimeAgo.bundle */; };
		AB0B345019429D4700EC0072 /* Foundation.framework in Frameworks */ = {isa = PBXBuildFile; fileRef = AB0B344F19429D4700EC0072 /* Foundation.framework */; };
		AB0B345219429D4700EC0072 /* CoreGraphics.framework in Frameworks */ = {isa = PBXBuildFile; fileRef = AB0B345119429D4700EC0072 /* CoreGraphics.framework */; };
		AB0B345419429D4700EC0072 /* UIKit.framework in Frameworks */ = {isa = PBXBuildFile; fileRef = AB0B345319429D4700EC0072 /* UIKit.framework */; };
		AB0B345A19429D4700EC0072 /* InfoPlist.strings in Resources */ = {isa = PBXBuildFile; fileRef = AB0B345819429D4700EC0072 /* InfoPlist.strings */; };
		AB0B345C19429D4700EC0072 /* main.m in Sources */ = {isa = PBXBuildFile; fileRef = AB0B345B19429D4700EC0072 /* main.m */; };
		AB0B346019429D4700EC0072 /* AppDelegate.m in Sources */ = {isa = PBXBuildFile; fileRef = AB0B345F19429D4700EC0072 /* AppDelegate.m */; };
		AB0B346B19429D4700EC0072 /* Images.xcassets in Resources */ = {isa = PBXBuildFile; fileRef = AB0B346A19429D4700EC0072 /* Images.xcassets */; };
		AB0B347219429D4800EC0072 /* XCTest.framework in Frameworks */ = {isa = PBXBuildFile; fileRef = AB0B347119429D4800EC0072 /* XCTest.framework */; };
		AB0B347319429D4800EC0072 /* Foundation.framework in Frameworks */ = {isa = PBXBuildFile; fileRef = AB0B344F19429D4700EC0072 /* Foundation.framework */; };
		AB0B347419429D4800EC0072 /* UIKit.framework in Frameworks */ = {isa = PBXBuildFile; fileRef = AB0B345319429D4700EC0072 /* UIKit.framework */; };
		AB0B347C19429D4800EC0072 /* InfoPlist.strings in Resources */ = {isa = PBXBuildFile; fileRef = AB0B347A19429D4800EC0072 /* InfoPlist.strings */; };
		AB0B347E19429D4800EC0072 /* XHRefreshControlExampleTests.m in Sources */ = {isa = PBXBuildFile; fileRef = AB0B347D19429D4800EC0072 /* XHRefreshControlExampleTests.m */; };
		AB94838019721DE0001BC1FD /* XHBaseTableViewController.m in Sources */ = {isa = PBXBuildFile; fileRef = AB94836119721DE0001BC1FD /* XHBaseTableViewController.m */; };
		AB94838319721DE0001BC1FD /* XHFoundationCommon.m in Sources */ = {isa = PBXBuildFile; fileRef = AB94836719721DE0001BC1FD /* XHFoundationCommon.m */; };
		AB94838419721DE0001BC1FD /* XHPullRefreshTableViewController.m in Sources */ = {isa = PBXBuildFile; fileRef = AB94836919721DE0001BC1FD /* XHPullRefreshTableViewController.m */; };
		AB94838619721DE0001BC1FD /* XHSysatemRefreshTableViewController.m in Sources */ = {isa = PBXBuildFile; fileRef = AB94836E19721DE0001BC1FD /* XHSysatemRefreshTableViewController.m */; };
		AB94838719721DE0001BC1FD /* XHSystemTableViewController.m in Sources */ = {isa = PBXBuildFile; fileRef = AB94837019721DE0001BC1FD /* XHSystemTableViewController.m */; };
		AB94838819721DE0001BC1FD /* XHRefreshControl.m in Sources */ = {isa = PBXBuildFile; fileRef = AB94837319721DE0001BC1FD /* XHRefreshControl.m */; };
		AB94838919721DE0001BC1FD /* XHActivityCircleIndicatorView.m in Sources */ = {isa = PBXBuildFile; fileRef = AB94837719721DE0001BC1FD /* XHActivityCircleIndicatorView.m */; };
		AB94838A19721DE0001BC1FD /* XHCircleView.m in Sources */ = {isa = PBXBuildFile; fileRef = AB94837919721DE0001BC1FD /* XHCircleView.m */; };
		AB94838B19721DE0001BC1FD /* XHLoadMoreView.m in Sources */ = {isa = PBXBuildFile; fileRef = AB94837B19721DE0001BC1FD /* XHLoadMoreView.m */; };
		AB94838C19721DE0001BC1FD /* XHRefreshActivityIndicatorContainerView.m in Sources */ = {isa = PBXBuildFile; fileRef = AB94837D19721DE0001BC1FD /* XHRefreshActivityIndicatorContainerView.m */; };
		AB94838D19721DE0001BC1FD /* XHRefreshCircleContainerView.m in Sources */ = {isa = PBXBuildFile; fileRef = AB94837F19721DE0001BC1FD /* XHRefreshCircleContainerView.m */; };
		AB9483A119721E8D001BC1FD /* XHCustomLoadMoreButtonDemoTableViewController.m in Sources */ = {isa = PBXBuildFile; fileRef = AB94839119721E8D001BC1FD /* XHCustomLoadMoreButtonDemoTableViewController.m */; };
		AB9483A219721E8D001BC1FD /* XHDemoSystemTableViewController.m in Sources */ = {isa = PBXBuildFile; fileRef = AB94839419721E8D001BC1FD /* XHDemoSystemTableViewController.m */; };
		AB9483A319721E8D001BC1FD /* XHDemoTableViewController.m in Sources */ = {isa = PBXBuildFile; fileRef = AB94839719721E8D001BC1FD /* XHDemoTableViewController.m */; };
		AB9483A419721E8D001BC1FD /* XHRootTableViewController.m in Sources */ = {isa = PBXBuildFile; fileRef = AB94839A19721E8D001BC1FD /* XHRootTableViewController.m */; };
		AB9483A519721E8D001BC1FD /* XHSegmentViewController.m in Sources */ = {isa = PBXBuildFile; fileRef = AB94839D19721E8D001BC1FD /* XHSegmentViewController.m */; };
		AB9483A619721E8D001BC1FD /* XHSegueItem.m in Sources */ = {isa = PBXBuildFile; fileRef = AB9483A019721E8D001BC1FD /* XHSegueItem.m */; };
/* End PBXBuildFile section */

/* Begin PBXContainerItemProxy section */
		AB0B347519429D4800EC0072 /* PBXContainerItemProxy */ = {
			isa = PBXContainerItemProxy;
			containerPortal = AB0B344419429D4700EC0072 /* Project object */;
			proxyType = 1;
			remoteGlobalIDString = AB0B344B19429D4700EC0072;
			remoteInfo = XHRefreshControlExample;
		};
/* End PBXContainerItemProxy section */

/* Begin PBXFileReference section */
		4755DE7419C498FC0088B5D2 /* XHSysatemRefreshCollectionViewController.h */ = {isa = PBXFileReference; fileEncoding = 4; lastKnownFileType = sourcecode.c.h; path = XHSysatemRefreshCollectionViewController.h; sourceTree = "<group>"; };
		4755DE7519C498FC0088B5D2 /* XHSysatemRefreshCollectionViewController.m */ = {isa = PBXFileReference; fileEncoding = 4; lastKnownFileType = sourcecode.c.objc; path = XHSysatemRefreshCollectionViewController.m; sourceTree = "<group>"; };
		4755DE7619C498FC0088B5D2 /* XHSystemCollectionViewController.h */ = {isa = PBXFileReference; fileEncoding = 4; lastKnownFileType = sourcecode.c.h; path = XHSystemCollectionViewController.h; sourceTree = "<group>"; };
		4755DE7719C498FC0088B5D2 /* XHSystemCollectionViewController.m */ = {isa = PBXFileReference; fileEncoding = 4; lastKnownFileType = sourcecode.c.objc; path = XHSystemCollectionViewController.m; sourceTree = "<group>"; };
		7D093BA91963FE1100F563BD /* NSDate+TimeAgo.h */ = {isa = PBXFileReference; fileEncoding = 4; lastKnownFileType = sourcecode.c.h; path = "NSDate+TimeAgo.h"; sourceTree = "<group>"; };
		7D093BAA1963FE1100F563BD /* NSDate+TimeAgo.m */ = {isa = PBXFileReference; fileEncoding = 4; lastKnownFileType = sourcecode.c.objc; path = "NSDate+TimeAgo.m"; sourceTree = "<group>"; };
		7D093BAB1963FE1100F563BD /* NSDateTimeAgo.bundle */ = {isa = PBXFileReference; lastKnownFileType = "wrapper.plug-in"; path = NSDateTimeAgo.bundle; sourceTree = "<group>"; };
		AB0B344C19429D4700EC0072 /* XHRefreshControlExample.app */ = {isa = PBXFileReference; explicitFileType = wrapper.application; includeInIndex = 0; path = XHRefreshControlExample.app; sourceTree = BUILT_PRODUCTS_DIR; };
		AB0B344F19429D4700EC0072 /* Foundation.framework */ = {isa = PBXFileReference; lastKnownFileType = wrapper.framework; name = Foundation.framework; path = System/Library/Frameworks/Foundation.framework; sourceTree = SDKROOT; };
		AB0B345119429D4700EC0072 /* CoreGraphics.framework */ = {isa = PBXFileReference; lastKnownFileType = wrapper.framework; name = CoreGraphics.framework; path = System/Library/Frameworks/CoreGraphics.framework; sourceTree = SDKROOT; };
		AB0B345319429D4700EC0072 /* UIKit.framework */ = {isa = PBXFileReference; lastKnownFileType = wrapper.framework; name = UIKit.framework; path = System/Library/Frameworks/UIKit.framework; sourceTree = SDKROOT; };
		AB0B345719429D4700EC0072 /* XHRefreshControlExample-Info.plist */ = {isa = PBXFileReference; lastKnownFileType = text.plist.xml; path = "XHRefreshControlExample-Info.plist"; sourceTree = "<group>"; };
		AB0B345919429D4700EC0072 /* en */ = {isa = PBXFileReference; lastKnownFileType = text.plist.strings; name = en; path = en.lproj/InfoPlist.strings; sourceTree = "<group>"; };
		AB0B345B19429D4700EC0072 /* main.m */ = {isa = PBXFileReference; lastKnownFileType = sourcecode.c.objc; path = main.m; sourceTree = "<group>"; };
		AB0B345D19429D4700EC0072 /* XHRefreshControlExample-Prefix.pch */ = {isa = PBXFileReference; lastKnownFileType = sourcecode.c.h; path = "XHRefreshControlExample-Prefix.pch"; sourceTree = "<group>"; };
		AB0B345E19429D4700EC0072 /* AppDelegate.h */ = {isa = PBXFileReference; lastKnownFileType = sourcecode.c.h; path = AppDelegate.h; sourceTree = "<group>"; };
		AB0B345F19429D4700EC0072 /* AppDelegate.m */ = {isa = PBXFileReference; lastKnownFileType = sourcecode.c.objc; path = AppDelegate.m; sourceTree = "<group>"; };
		AB0B346A19429D4700EC0072 /* Images.xcassets */ = {isa = PBXFileReference; lastKnownFileType = folder.assetcatalog; path = Images.xcassets; sourceTree = "<group>"; };
		AB0B347019429D4800EC0072 /* XHRefreshControlExampleTests.xctest */ = {isa = PBXFileReference; explicitFileType = wrapper.cfbundle; includeInIndex = 0; path = XHRefreshControlExampleTests.xctest; sourceTree = BUILT_PRODUCTS_DIR; };
		AB0B347119429D4800EC0072 /* XCTest.framework */ = {isa = PBXFileReference; lastKnownFileType = wrapper.framework; name = XCTest.framework; path = Library/Frameworks/XCTest.framework; sourceTree = DEVELOPER_DIR; };
		AB0B347919429D4800EC0072 /* XHRefreshControlExampleTests-Info.plist */ = {isa = PBXFileReference; lastKnownFileType = text.plist.xml; path = "XHRefreshControlExampleTests-Info.plist"; sourceTree = "<group>"; };
		AB0B347B19429D4800EC0072 /* en */ = {isa = PBXFileReference; lastKnownFileType = text.plist.strings; name = en; path = en.lproj/InfoPlist.strings; sourceTree = "<group>"; };
		AB0B347D19429D4800EC0072 /* XHRefreshControlExampleTests.m */ = {isa = PBXFileReference; lastKnownFileType = sourcecode.c.objc; path = XHRefreshControlExampleTests.m; sourceTree = "<group>"; };
		AB94836019721DE0001BC1FD /* XHBaseTableViewController.h */ = {isa = PBXFileReference; fileEncoding = 4; lastKnownFileType = sourcecode.c.h; path = XHBaseTableViewController.h; sourceTree = "<group>"; };
		AB94836119721DE0001BC1FD /* XHBaseTableViewController.m */ = {isa = PBXFileReference; fileEncoding = 4; lastKnownFileType = sourcecode.c.objc; path = XHBaseTableViewController.m; sourceTree = "<group>"; };
		AB94836619721DE0001BC1FD /* XHFoundationCommon.h */ = {isa = PBXFileReference; fileEncoding = 4; lastKnownFileType = sourcecode.c.h; path = XHFoundationCommon.h; sourceTree = "<group>"; };
		AB94836719721DE0001BC1FD /* XHFoundationCommon.m */ = {isa = PBXFileReference; fileEncoding = 4; lastKnownFileType = sourcecode.c.objc; path = XHFoundationCommon.m; sourceTree = "<group>"; };
		AB94836819721DE0001BC1FD /* XHPullRefreshTableViewController.h */ = {isa = PBXFileReference; fileEncoding = 4; lastKnownFileType = sourcecode.c.h; path = XHPullRefreshTableViewController.h; sourceTree = "<group>"; };
		AB94836919721DE0001BC1FD /* XHPullRefreshTableViewController.m */ = {isa = PBXFileReference; fileEncoding = 4; lastKnownFileType = sourcecode.c.objc; path = XHPullRefreshTableViewController.m; sourceTree = "<group>"; };
		AB94836D19721DE0001BC1FD /* XHSysatemRefreshTableViewController.h */ = {isa = PBXFileReference; fileEncoding = 4; lastKnownFileType = sourcecode.c.h; path = XHSysatemRefreshTableViewController.h; sourceTree = "<group>"; };
		AB94836E19721DE0001BC1FD /* XHSysatemRefreshTableViewController.m */ = {isa = PBXFileReference; fileEncoding = 4; lastKnownFileType = sourcecode.c.objc; path = XHSysatemRefreshTableViewController.m; sourceTree = "<group>"; };
		AB94836F19721DE0001BC1FD /* XHSystemTableViewController.h */ = {isa = PBXFileReference; fileEncoding = 4; lastKnownFileType = sourcecode.c.h; path = XHSystemTableViewController.h; sourceTree = "<group>"; };
		AB94837019721DE0001BC1FD /* XHSystemTableViewController.m */ = {isa = PBXFileReference; fileEncoding = 4; lastKnownFileType = sourcecode.c.objc; path = XHSystemTableViewController.m; sourceTree = "<group>"; };
		AB94837219721DE0001BC1FD /* XHRefreshControl.h */ = {isa = PBXFileReference; fileEncoding = 4; lastKnownFileType = sourcecode.c.h; path = XHRefreshControl.h; sourceTree = "<group>"; };
		AB94837319721DE0001BC1FD /* XHRefreshControl.m */ = {isa = PBXFileReference; fileEncoding = 4; lastKnownFileType = sourcecode.c.objc; path = XHRefreshControl.m; sourceTree = "<group>"; };
		AB94837419721DE0001BC1FD /* XHRefreshControlHeader.h */ = {isa = PBXFileReference; fileEncoding = 4; lastKnownFileType = sourcecode.c.h; path = XHRefreshControlHeader.h; sourceTree = "<group>"; };
		AB94837619721DE0001BC1FD /* XHActivityCircleIndicatorView.h */ = {isa = PBXFileReference; fileEncoding = 4; lastKnownFileType = sourcecode.c.h; path = XHActivityCircleIndicatorView.h; sourceTree = "<group>"; };
		AB94837719721DE0001BC1FD /* XHActivityCircleIndicatorView.m */ = {isa = PBXFileReference; fileEncoding = 4; lastKnownFileType = sourcecode.c.objc; path = XHActivityCircleIndicatorView.m; sourceTree = "<group>"; };
		AB94837819721DE0001BC1FD /* XHCircleView.h */ = {isa = PBXFileReference; fileEncoding = 4; lastKnownFileType = sourcecode.c.h; path = XHCircleView.h; sourceTree = "<group>"; };
		AB94837919721DE0001BC1FD /* XHCircleView.m */ = {isa = PBXFileReference; fileEncoding = 4; lastKnownFileType = sourcecode.c.objc; path = XHCircleView.m; sourceTree = "<group>"; };
		AB94837A19721DE0001BC1FD /* XHLoadMoreView.h */ = {isa = PBXFileReference; fileEncoding = 4; lastKnownFileType = sourcecode.c.h; path = XHLoadMoreView.h; sourceTree = "<group>"; };
		AB94837B19721DE0001BC1FD /* XHLoadMoreView.m */ = {isa = PBXFileReference; fileEncoding = 4; lastKnownFileType = sourcecode.c.objc; path = XHLoadMoreView.m; sourceTree = "<group>"; };
		AB94837C19721DE0001BC1FD /* XHRefreshActivityIndicatorContainerView.h */ = {isa = PBXFileReference; fileEncoding = 4; lastKnownFileType = sourcecode.c.h; path = XHRefreshActivityIndicatorContainerView.h; sourceTree = "<group>"; };
		AB94837D19721DE0001BC1FD /* XHRefreshActivityIndicatorContainerView.m */ = {isa = PBXFileReference; fileEncoding = 4; lastKnownFileType = sourcecode.c.objc; path = XHRefreshActivityIndicatorContainerView.m; sourceTree = "<group>"; };
		AB94837E19721DE0001BC1FD /* XHRefreshCircleContainerView.h */ = {isa = PBXFileReference; fileEncoding = 4; lastKnownFileType = sourcecode.c.h; path = XHRefreshCircleContainerView.h; sourceTree = "<group>"; };
		AB94837F19721DE0001BC1FD /* XHRefreshCircleContainerView.m */ = {isa = PBXFileReference; fileEncoding = 4; lastKnownFileType = sourcecode.c.objc; path = XHRefreshCircleContainerView.m; sourceTree = "<group>"; };
		AB94839019721E8D001BC1FD /* XHCustomLoadMoreButtonDemoTableViewController.h */ = {isa = PBXFileReference; fileEncoding = 4; lastKnownFileType = sourcecode.c.h; path = XHCustomLoadMoreButtonDemoTableViewController.h; sourceTree = "<group>"; };
		AB94839119721E8D001BC1FD /* XHCustomLoadMoreButtonDemoTableViewController.m */ = {isa = PBXFileReference; fileEncoding = 4; lastKnownFileType = sourcecode.c.objc; path = XHCustomLoadMoreButtonDemoTableViewController.m; sourceTree = "<group>"; };
		AB94839319721E8D001BC1FD /* XHDemoSystemTableViewController.h */ = {isa = PBXFileReference; fileEncoding = 4; lastKnownFileType = sourcecode.c.h; path = XHDemoSystemTableViewController.h; sourceTree = "<group>"; };
		AB94839419721E8D001BC1FD /* XHDemoSystemTableViewController.m */ = {isa = PBXFileReference; fileEncoding = 4; lastKnownFileType = sourcecode.c.objc; path = XHDemoSystemTableViewController.m; sourceTree = "<group>"; };
		AB94839619721E8D001BC1FD /* XHDemoTableViewController.h */ = {isa = PBXFileReference; fileEncoding = 4; lastKnownFileType = sourcecode.c.h; path = XHDemoTableViewController.h; sourceTree = "<group>"; };
		AB94839719721E8D001BC1FD /* XHDemoTableViewController.m */ = {isa = PBXFileReference; fileEncoding = 4; lastKnownFileType = sourcecode.c.objc; path = XHDemoTableViewController.m; sourceTree = "<group>"; };
		AB94839919721E8D001BC1FD /* XHRootTableViewController.h */ = {isa = PBXFileReference; fileEncoding = 4; lastKnownFileType = sourcecode.c.h; path = XHRootTableViewController.h; sourceTree = "<group>"; };
		AB94839A19721E8D001BC1FD /* XHRootTableViewController.m */ = {isa = PBXFileReference; fileEncoding = 4; lastKnownFileType = sourcecode.c.objc; path = XHRootTableViewController.m; sourceTree = "<group>"; };
		AB94839C19721E8D001BC1FD /* XHSegmentViewController.h */ = {isa = PBXFileReference; fileEncoding = 4; lastKnownFileType = sourcecode.c.h; path = XHSegmentViewController.h; sourceTree = "<group>"; };
		AB94839D19721E8D001BC1FD /* XHSegmentViewController.m */ = {isa = PBXFileReference; fileEncoding = 4; lastKnownFileType = sourcecode.c.objc; path = XHSegmentViewController.m; sourceTree = "<group>"; };
		AB94839F19721E8D001BC1FD /* XHSegueItem.h */ = {isa = PBXFileReference; fileEncoding = 4; lastKnownFileType = sourcecode.c.h; path = XHSegueItem.h; sourceTree = "<group>"; };
		AB9483A019721E8D001BC1FD /* XHSegueItem.m */ = {isa = PBXFileReference; fileEncoding = 4; lastKnownFileType = sourcecode.c.objc; path = XHSegueItem.m; sourceTree = "<group>"; };
/* End PBXFileReference section */

/* Begin PBXFrameworksBuildPhase section */
		AB0B344919429D4700EC0072 /* Frameworks */ = {
			isa = PBXFrameworksBuildPhase;
			buildActionMask = 2147483647;
			files = (
				AB0B345219429D4700EC0072 /* CoreGraphics.framework in Frameworks */,
				AB0B345419429D4700EC0072 /* UIKit.framework in Frameworks */,
				AB0B345019429D4700EC0072 /* Foundation.framework in Frameworks */,
			);
			runOnlyForDeploymentPostprocessing = 0;
		};
		AB0B346D19429D4800EC0072 /* Frameworks */ = {
			isa = PBXFrameworksBuildPhase;
			buildActionMask = 2147483647;
			files = (
				AB0B347219429D4800EC0072 /* XCTest.framework in Frameworks */,
				AB0B347419429D4800EC0072 /* UIKit.framework in Frameworks */,
				AB0B347319429D4800EC0072 /* Foundation.framework in Frameworks */,
			);
			runOnlyForDeploymentPostprocessing = 0;
		};
/* End PBXFrameworksBuildPhase section */

/* Begin PBXGroup section */
		4755DE7319C498CA0088B5D2 /* SystemCollectionViewController */ = {
			isa = PBXGroup;
			children = (
				4755DE7419C498FC0088B5D2 /* XHSysatemRefreshCollectionViewController.h */,
				4755DE7519C498FC0088B5D2 /* XHSysatemRefreshCollectionViewController.m */,
				4755DE7619C498FC0088B5D2 /* XHSystemCollectionViewController.h */,
				4755DE7719C498FC0088B5D2 /* XHSystemCollectionViewController.m */,
			);
			path = SystemCollectionViewController;
			sourceTree = "<group>";
		};
		7D093BA81963FE1100F563BD /* Vendor */ = {
			isa = PBXGroup;
			children = (
				7D093BA91963FE1100F563BD /* NSDate+TimeAgo.h */,
				7D093BAA1963FE1100F563BD /* NSDate+TimeAgo.m */,
				7D093BAB1963FE1100F563BD /* NSDateTimeAgo.bundle */,
			);
			path = Vendor;
			sourceTree = "<group>";
		};
		AB0B344319429D4700EC0072 = {
			isa = PBXGroup;
			children = (
				AB94835D19721DE0001BC1FD /* RefreshControl */,
				AB0B345519429D4700EC0072 /* XHRefreshControlExample */,
				AB0B347719429D4800EC0072 /* XHRefreshControlExampleTests */,
				AB0B344E19429D4700EC0072 /* Frameworks */,
				AB0B344D19429D4700EC0072 /* Products */,
			);
			sourceTree = "<group>";
		};
		AB0B344D19429D4700EC0072 /* Products */ = {
			isa = PBXGroup;
			children = (
				AB0B344C19429D4700EC0072 /* XHRefreshControlExample.app */,
				AB0B347019429D4800EC0072 /* XHRefreshControlExampleTests.xctest */,
			);
			name = Products;
			sourceTree = "<group>";
		};
		AB0B344E19429D4700EC0072 /* Frameworks */ = {
			isa = PBXGroup;
			children = (
				AB0B344F19429D4700EC0072 /* Foundation.framework */,
				AB0B345119429D4700EC0072 /* CoreGraphics.framework */,
				AB0B345319429D4700EC0072 /* UIKit.framework */,
				AB0B347119429D4800EC0072 /* XCTest.framework */,
			);
			name = Frameworks;
			sourceTree = "<group>";
		};
		AB0B345519429D4700EC0072 /* XHRefreshControlExample */ = {
			isa = PBXGroup;
			children = (
				AB0B345E19429D4700EC0072 /* AppDelegate.h */,
				AB0B345F19429D4700EC0072 /* AppDelegate.m */,
				7D093BA81963FE1100F563BD /* Vendor */,
				AB94839E19721E8D001BC1FD /* Models */,
				AB94838E19721E8D001BC1FD /* Controllers */,
				AB0B346A19429D4700EC0072 /* Images.xcassets */,
				AB0B345619429D4700EC0072 /* Supporting Files */,
			);
			path = XHRefreshControlExample;
			sourceTree = "<group>";
		};
		AB0B345619429D4700EC0072 /* Supporting Files */ = {
			isa = PBXGroup;
			children = (
				AB0B345719429D4700EC0072 /* XHRefreshControlExample-Info.plist */,
				AB0B345819429D4700EC0072 /* InfoPlist.strings */,
				AB0B345B19429D4700EC0072 /* main.m */,
				AB0B345D19429D4700EC0072 /* XHRefreshControlExample-Prefix.pch */,
			);
			name = "Supporting Files";
			sourceTree = "<group>";
		};
		AB0B347719429D4800EC0072 /* XHRefreshControlExampleTests */ = {
			isa = PBXGroup;
			children = (
				AB0B347D19429D4800EC0072 /* XHRefreshControlExampleTests.m */,
				AB0B347819429D4800EC0072 /* Supporting Files */,
			);
			path = XHRefreshControlExampleTests;
			sourceTree = "<group>";
		};
		AB0B347819429D4800EC0072 /* Supporting Files */ = {
			isa = PBXGroup;
			children = (
				AB0B347919429D4800EC0072 /* XHRefreshControlExampleTests-Info.plist */,
				AB0B347A19429D4800EC0072 /* InfoPlist.strings */,
			);
			name = "Supporting Files";
			sourceTree = "<group>";
		};
		AB94835D19721DE0001BC1FD /* RefreshControl */ = {
			isa = PBXGroup;
			children = (
				AB94837119721DE0001BC1FD /* Manager */,
				AB94835E19721DE0001BC1FD /* Controllers */,
				AB94837519721DE0001BC1FD /* Views */,
			);
			name = RefreshControl;
			path = ../RefreshControl;
			sourceTree = "<group>";
		};
		AB94835E19721DE0001BC1FD /* Controllers */ = {
			isa = PBXGroup;
			children = (
				4755DE7319C498CA0088B5D2 /* SystemCollectionViewController */,
				AB94835F19721DE0001BC1FD /* CustomTableViewController */,
				AB94836A19721DE0001BC1FD /* SystemTableViewController */,
			);
			path = Controllers;
			sourceTree = "<group>";
		};
		AB94835F19721DE0001BC1FD /* CustomTableViewController */ = {
			isa = PBXGroup;
			children = (
				AB94836619721DE0001BC1FD /* XHFoundationCommon.h */,
				AB94836719721DE0001BC1FD /* XHFoundationCommon.m */,
				AB94836019721DE0001BC1FD /* XHBaseTableViewController.h */,
				AB94836119721DE0001BC1FD /* XHBaseTableViewController.m */,
				AB94836819721DE0001BC1FD /* XHPullRefreshTableViewController.h */,
				AB94836919721DE0001BC1FD /* XHPullRefreshTableViewController.m */,
			);
			path = CustomTableViewController;
			sourceTree = "<group>";
		};
		AB94836A19721DE0001BC1FD /* SystemTableViewController */ = {
			isa = PBXGroup;
			children = (
				AB94836F19721DE0001BC1FD /* XHSystemTableViewController.h */,
				AB94837019721DE0001BC1FD /* XHSystemTableViewController.m */,
				AB94836D19721DE0001BC1FD /* XHSysatemRefreshTableViewController.h */,
				AB94836E19721DE0001BC1FD /* XHSysatemRefreshTableViewController.m */,
			);
			path = SystemTableViewController;
			sourceTree = "<group>";
		};
		AB94837119721DE0001BC1FD /* Manager */ = {
			isa = PBXGroup;
			children = (
				AB94837419721DE0001BC1FD /* XHRefreshControlHeader.h */,
				AB94837219721DE0001BC1FD /* XHRefreshControl.h */,
				AB94837319721DE0001BC1FD /* XHRefreshControl.m */,
			);
			path = Manager;
			sourceTree = "<group>";
		};
		AB94837519721DE0001BC1FD /* Views */ = {
			isa = PBXGroup;
			children = (
				AB94837619721DE0001BC1FD /* XHActivityCircleIndicatorView.h */,
				AB94837719721DE0001BC1FD /* XHActivityCircleIndicatorView.m */,
				AB94837819721DE0001BC1FD /* XHCircleView.h */,
				AB94837919721DE0001BC1FD /* XHCircleView.m */,
				AB94837A19721DE0001BC1FD /* XHLoadMoreView.h */,
				AB94837B19721DE0001BC1FD /* XHLoadMoreView.m */,
				AB94837C19721DE0001BC1FD /* XHRefreshActivityIndicatorContainerView.h */,
				AB94837D19721DE0001BC1FD /* XHRefreshActivityIndicatorContainerView.m */,
				AB94837E19721DE0001BC1FD /* XHRefreshCircleContainerView.h */,
				AB94837F19721DE0001BC1FD /* XHRefreshCircleContainerView.m */,
			);
			path = Views;
			sourceTree = "<group>";
		};
		AB94838E19721E8D001BC1FD /* Controllers */ = {
			isa = PBXGroup;
			children = (
				AB94839819721E8D001BC1FD /* Root */,
				AB94839519721E8D001BC1FD /* DemoTableViewController */,
				AB94838F19721E8D001BC1FD /* CustomLoadMoreButtonDemoTableViewController */,
				AB94839219721E8D001BC1FD /* DemoSystemTableViewController */,
				AB94839B19721E8D001BC1FD /* SegmentController */,
			);
			path = Controllers;
			sourceTree = "<group>";
		};
		AB94838F19721E8D001BC1FD /* CustomLoadMoreButtonDemoTableViewController */ = {
			isa = PBXGroup;
			children = (
				AB94839019721E8D001BC1FD /* XHCustomLoadMoreButtonDemoTableViewController.h */,
				AB94839119721E8D001BC1FD /* XHCustomLoadMoreButtonDemoTableViewController.m */,
			);
			path = CustomLoadMoreButtonDemoTableViewController;
			sourceTree = "<group>";
		};
		AB94839219721E8D001BC1FD /* DemoSystemTableViewController */ = {
			isa = PBXGroup;
			children = (
				AB94839319721E8D001BC1FD /* XHDemoSystemTableViewController.h */,
				AB94839419721E8D001BC1FD /* XHDemoSystemTableViewController.m */,
			);
			path = DemoSystemTableViewController;
			sourceTree = "<group>";
		};
		AB94839519721E8D001BC1FD /* DemoTableViewController */ = {
			isa = PBXGroup;
			children = (
				AB94839619721E8D001BC1FD /* XHDemoTableViewController.h */,
				AB94839719721E8D001BC1FD /* XHDemoTableViewController.m */,
			);
			path = DemoTableViewController;
			sourceTree = "<group>";
		};
		AB94839819721E8D001BC1FD /* Root */ = {
			isa = PBXGroup;
			children = (
				AB94839919721E8D001BC1FD /* XHRootTableViewController.h */,
				AB94839A19721E8D001BC1FD /* XHRootTableViewController.m */,
			);
			path = Root;
			sourceTree = "<group>";
		};
		AB94839B19721E8D001BC1FD /* SegmentController */ = {
			isa = PBXGroup;
			children = (
				AB94839C19721E8D001BC1FD /* XHSegmentViewController.h */,
				AB94839D19721E8D001BC1FD /* XHSegmentViewController.m */,
			);
			path = SegmentController;
			sourceTree = "<group>";
		};
		AB94839E19721E8D001BC1FD /* Models */ = {
			isa = PBXGroup;
			children = (
				AB94839F19721E8D001BC1FD /* XHSegueItem.h */,
				AB9483A019721E8D001BC1FD /* XHSegueItem.m */,
			);
			path = Models;
			sourceTree = "<group>";
		};
/* End PBXGroup section */

/* Begin PBXNativeTarget section */
		AB0B344B19429D4700EC0072 /* XHRefreshControlExample */ = {
			isa = PBXNativeTarget;
			buildConfigurationList = AB0B348119429D4800EC0072 /* Build configuration list for PBXNativeTarget "XHRefreshControlExample" */;
			buildPhases = (
				AB0B344819429D4700EC0072 /* Sources */,
				AB0B344919429D4700EC0072 /* Frameworks */,
				AB0B344A19429D4700EC0072 /* Resources */,
			);
			buildRules = (
			);
			dependencies = (
			);
			name = XHRefreshControlExample;
			productName = XHRefreshControlExample;
			productReference = AB0B344C19429D4700EC0072 /* XHRefreshControlExample.app */;
			productType = "com.apple.product-type.application";
		};
		AB0B346F19429D4800EC0072 /* XHRefreshControlExampleTests */ = {
			isa = PBXNativeTarget;
			buildConfigurationList = AB0B348419429D4800EC0072 /* Build configuration list for PBXNativeTarget "XHRefreshControlExampleTests" */;
			buildPhases = (
				AB0B346C19429D4800EC0072 /* Sources */,
				AB0B346D19429D4800EC0072 /* Frameworks */,
				AB0B346E19429D4800EC0072 /* Resources */,
			);
			buildRules = (
			);
			dependencies = (
				AB0B347619429D4800EC0072 /* PBXTargetDependency */,
			);
			name = XHRefreshControlExampleTests;
			productName = XHRefreshControlExampleTests;
			productReference = AB0B347019429D4800EC0072 /* XHRefreshControlExampleTests.xctest */;
			productType = "com.apple.product-type.bundle.unit-test";
		};
/* End PBXNativeTarget section */

/* Begin PBXProject section */
		AB0B344419429D4700EC0072 /* Project object */ = {
			isa = PBXProject;
			attributes = {
				LastUpgradeCheck = 0510;
				ORGANIZATIONNAME = "曾宪华 QQ群: (142557668) QQ:543413507  Gmail:xhzengAIB@gmail.com";
				TargetAttributes = {
					AB0B346F19429D4800EC0072 = {
						TestTargetID = AB0B344B19429D4700EC0072;
					};
				};
			};
			buildConfigurationList = AB0B344719429D4700EC0072 /* Build configuration list for PBXProject "XHRefreshControlExample" */;
			compatibilityVersion = "Xcode 3.2";
			developmentRegion = English;
			hasScannedForEncodings = 0;
			knownRegions = (
				en,
				Base,
			);
			mainGroup = AB0B344319429D4700EC0072;
			productRefGroup = AB0B344D19429D4700EC0072 /* Products */;
			projectDirPath = "";
			projectRoot = "";
			targets = (
				AB0B344B19429D4700EC0072 /* XHRefreshControlExample */,
				AB0B346F19429D4800EC0072 /* XHRefreshControlExampleTests */,
			);
		};
/* End PBXProject section */

/* Begin PBXResourcesBuildPhase section */
		AB0B344A19429D4700EC0072 /* Resources */ = {
			isa = PBXResourcesBuildPhase;
			buildActionMask = 2147483647;
			files = (
				7D093BAD1963FE1100F563BD /* NSDateTimeAgo.bundle in Resources */,
				AB0B346B19429D4700EC0072 /* Images.xcassets in Resources */,
				AB0B345A19429D4700EC0072 /* InfoPlist.strings in Resources */,
			);
			runOnlyForDeploymentPostprocessing = 0;
		};
		AB0B346E19429D4800EC0072 /* Resources */ = {
			isa = PBXResourcesBuildPhase;
			buildActionMask = 2147483647;
			files = (
				AB0B347C19429D4800EC0072 /* InfoPlist.strings in Resources */,
			);
			runOnlyForDeploymentPostprocessing = 0;
		};
/* End PBXResourcesBuildPhase section */

/* Begin PBXSourcesBuildPhase section */
		AB0B344819429D4700EC0072 /* Sources */ = {
			isa = PBXSourcesBuildPhase;
			buildActionMask = 2147483647;
			files = (
				4755DE7919C498FC0088B5D2 /* XHSystemCollectionViewController.m in Sources */,
				AB94838B19721DE0001BC1FD /* XHLoadMoreView.m in Sources */,
				AB94838619721DE0001BC1FD /* XHSysatemRefreshTableViewController.m in Sources */,
				AB94838719721DE0001BC1FD /* XHSystemTableViewController.m in Sources */,
				AB94838A19721DE0001BC1FD /* XHCircleView.m in Sources */,
				7D093BAC1963FE1100F563BD /* NSDate+TimeAgo.m in Sources */,
				AB94838C19721DE0001BC1FD /* XHRefreshActivityIndicatorContainerView.m in Sources */,
				AB94838819721DE0001BC1FD /* XHRefreshControl.m in Sources */,
				AB9483A219721E8D001BC1FD /* XHDemoSystemTableViewController.m in Sources */,
				AB9483A319721E8D001BC1FD /* XHDemoTableViewController.m in Sources */,
				AB94838019721DE0001BC1FD /* XHBaseTableViewController.m in Sources */,
				AB94838319721DE0001BC1FD /* XHFoundationCommon.m in Sources */,
				AB94838D19721DE0001BC1FD /* XHRefreshCircleContainerView.m in Sources */,
				4755DE7819C498FC0088B5D2 /* XHSysatemRefreshCollectionViewController.m in Sources */,
				AB9483A619721E8D001BC1FD /* XHSegueItem.m in Sources */,
				AB94838919721DE0001BC1FD /* XHActivityCircleIndicatorView.m in Sources */,
				AB9483A419721E8D001BC1FD /* XHRootTableViewController.m in Sources */,
				AB94838419721DE0001BC1FD /* XHPullRefreshTableViewController.m in Sources */,
				AB0B346019429D4700EC0072 /* AppDelegate.m in Sources */,
				AB9483A519721E8D001BC1FD /* XHSegmentViewController.m in Sources */,
				AB9483A119721E8D001BC1FD /* XHCustomLoadMoreButtonDemoTableViewController.m in Sources */,
				AB0B345C19429D4700EC0072 /* main.m in Sources */,
			);
			runOnlyForDeploymentPostprocessing = 0;
		};
		AB0B346C19429D4800EC0072 /* Sources */ = {
			isa = PBXSourcesBuildPhase;
			buildActionMask = 2147483647;
			files = (
				AB0B347E19429D4800EC0072 /* XHRefreshControlExampleTests.m in Sources */,
			);
			runOnlyForDeploymentPostprocessing = 0;
		};
/* End PBXSourcesBuildPhase section */

/* Begin PBXTargetDependency section */
		AB0B347619429D4800EC0072 /* PBXTargetDependency */ = {
			isa = PBXTargetDependency;
			target = AB0B344B19429D4700EC0072 /* XHRefreshControlExample */;
			targetProxy = AB0B347519429D4800EC0072 /* PBXContainerItemProxy */;
		};
/* End PBXTargetDependency section */

/* Begin PBXVariantGroup section */
		AB0B345819429D4700EC0072 /* InfoPlist.strings */ = {
			isa = PBXVariantGroup;
			children = (
				AB0B345919429D4700EC0072 /* en */,
			);
			name = InfoPlist.strings;
			sourceTree = "<group>";
		};
		AB0B347A19429D4800EC0072 /* InfoPlist.strings */ = {
			isa = PBXVariantGroup;
			children = (
				AB0B347B19429D4800EC0072 /* en */,
			);
			name = InfoPlist.strings;
			sourceTree = "<group>";
		};
/* End PBXVariantGroup section */

/* Begin XCBuildConfiguration section */
		AB0B347F19429D4800EC0072 /* Debug */ = {
			isa = XCBuildConfiguration;
			buildSettings = {
				ALWAYS_SEARCH_USER_PATHS = NO;
				CLANG_CXX_LANGUAGE_STANDARD = "gnu++0x";
				CLANG_CXX_LIBRARY = "libc++";
				CLANG_ENABLE_MODULES = YES;
				CLANG_ENABLE_OBJC_ARC = YES;
				CLANG_WARN_BOOL_CONVERSION = YES;
				CLANG_WARN_CONSTANT_CONVERSION = YES;
				CLANG_WARN_DIRECT_OBJC_ISA_USAGE = YES_ERROR;
				CLANG_WARN_EMPTY_BODY = YES;
				CLANG_WARN_ENUM_CONVERSION = YES;
				CLANG_WARN_INT_CONVERSION = YES;
				CLANG_WARN_OBJC_ROOT_CLASS = YES_ERROR;
				CLANG_WARN__DUPLICATE_METHOD_MATCH = YES;
				"CODE_SIGN_IDENTITY[sdk=iphoneos*]" = "iPhone Developer";
				COPY_PHASE_STRIP = NO;
				GCC_C_LANGUAGE_STANDARD = gnu99;
				GCC_DYNAMIC_NO_PIC = NO;
				GCC_OPTIMIZATION_LEVEL = 0;
				GCC_PREPROCESSOR_DEFINITIONS = (
					"DEBUG=1",
					"$(inherited)",
				);
				GCC_SYMBOLS_PRIVATE_EXTERN = NO;
				GCC_WARN_64_TO_32_BIT_CONVERSION = YES;
				GCC_WARN_ABOUT_RETURN_TYPE = YES_ERROR;
				GCC_WARN_UNDECLARED_SELECTOR = YES;
				GCC_WARN_UNINITIALIZED_AUTOS = YES_AGGRESSIVE;
				GCC_WARN_UNUSED_FUNCTION = YES;
				GCC_WARN_UNUSED_VARIABLE = YES;
				IPHONEOS_DEPLOYMENT_TARGET = 7.1;
				ONLY_ACTIVE_ARCH = YES;
				SDKROOT = iphoneos;
				TARGETED_DEVICE_FAMILY = "1,2";
			};
			name = Debug;
		};
		AB0B348019429D4800EC0072 /* Release */ = {
			isa = XCBuildConfiguration;
			buildSettings = {
				ALWAYS_SEARCH_USER_PATHS = NO;
				CLANG_CXX_LANGUAGE_STANDARD = "gnu++0x";
				CLANG_CXX_LIBRARY = "libc++";
				CLANG_ENABLE_MODULES = YES;
				CLANG_ENABLE_OBJC_ARC = YES;
				CLANG_WARN_BOOL_CONVERSION = YES;
				CLANG_WARN_CONSTANT_CONVERSION = YES;
				CLANG_WARN_DIRECT_OBJC_ISA_USAGE = YES_ERROR;
				CLANG_WARN_EMPTY_BODY = YES;
				CLANG_WARN_ENUM_CONVERSION = YES;
				CLANG_WARN_INT_CONVERSION = YES;
				CLANG_WARN_OBJC_ROOT_CLASS = YES_ERROR;
				CLANG_WARN__DUPLICATE_METHOD_MATCH = YES;
				"CODE_SIGN_IDENTITY[sdk=iphoneos*]" = "iPhone Developer";
				COPY_PHASE_STRIP = YES;
				ENABLE_NS_ASSERTIONS = NO;
				GCC_C_LANGUAGE_STANDARD = gnu99;
				GCC_WARN_64_TO_32_BIT_CONVERSION = YES;
				GCC_WARN_ABOUT_RETURN_TYPE = YES_ERROR;
				GCC_WARN_UNDECLARED_SELECTOR = YES;
				GCC_WARN_UNINITIALIZED_AUTOS = YES_AGGRESSIVE;
				GCC_WARN_UNUSED_FUNCTION = YES;
				GCC_WARN_UNUSED_VARIABLE = YES;
				IPHONEOS_DEPLOYMENT_TARGET = 7.1;
				SDKROOT = iphoneos;
				TARGETED_DEVICE_FAMILY = "1,2";
				VALIDATE_PRODUCT = YES;
			};
			name = Release;
		};
		AB0B348219429D4800EC0072 /* Debug */ = {
			isa = XCBuildConfiguration;
			buildSettings = {
				ASSETCATALOG_COMPILER_APPICON_NAME = AppIcon;
				ASSETCATALOG_COMPILER_LAUNCHIMAGE_NAME = LaunchImage;
				GCC_PRECOMPILE_PREFIX_HEADER = YES;
				GCC_PREFIX_HEADER = "XHRefreshControlExample/XHRefreshControlExample-Prefix.pch";
				INFOPLIST_FILE = "XHRefreshControlExample/XHRefreshControlExample-Info.plist";
				IPHONEOS_DEPLOYMENT_TARGET = 6.0;
				PRODUCT_NAME = "$(TARGET_NAME)";
				WRAPPER_EXTENSION = app;
			};
			name = Debug;
		};
		AB0B348319429D4800EC0072 /* Release */ = {
			isa = XCBuildConfiguration;
			buildSettings = {
				ASSETCATALOG_COMPILER_APPICON_NAME = AppIcon;
				ASSETCATALOG_COMPILER_LAUNCHIMAGE_NAME = LaunchImage;
				GCC_PRECOMPILE_PREFIX_HEADER = YES;
				GCC_PREFIX_HEADER = "XHRefreshControlExample/XHRefreshControlExample-Prefix.pch";
				INFOPLIST_FILE = "XHRefreshControlExample/XHRefreshControlExample-Info.plist";
				IPHONEOS_DEPLOYMENT_TARGET = 6.0;
				PRODUCT_NAME = "$(TARGET_NAME)";
				WRAPPER_EXTENSION = app;
			};
			name = Release;
		};
		AB0B348519429D4800EC0072 /* Debug */ = {
			isa = XCBuildConfiguration;
			buildSettings = {
				BUNDLE_LOADER = "$(BUILT_PRODUCTS_DIR)/XHRefreshControlExample.app/XHRefreshControlExample";
				FRAMEWORK_SEARCH_PATHS = (
					"$(SDKROOT)/Developer/Library/Frameworks",
					"$(inherited)",
					"$(DEVELOPER_FRAMEWORKS_DIR)",
				);
				GCC_PRECOMPILE_PREFIX_HEADER = YES;
				GCC_PREFIX_HEADER = "XHRefreshControlExample/XHRefreshControlExample-Prefix.pch";
				GCC_PREPROCESSOR_DEFINITIONS = (
					"DEBUG=1",
					"$(inherited)",
				);
				INFOPLIST_FILE = "XHRefreshControlExampleTests/XHRefreshControlExampleTests-Info.plist";
				PRODUCT_NAME = "$(TARGET_NAME)";
				TEST_HOST = "$(BUNDLE_LOADER)";
				WRAPPER_EXTENSION = xctest;
			};
			name = Debug;
		};
		AB0B348619429D4800EC0072 /* Release */ = {
			isa = XCBuildConfiguration;
			buildSettings = {
				BUNDLE_LOADER = "$(BUILT_PRODUCTS_DIR)/XHRefreshControlExample.app/XHRefreshControlExample";
				FRAMEWORK_SEARCH_PATHS = (
					"$(SDKROOT)/Developer/Library/Frameworks",
					"$(inherited)",
					"$(DEVELOPER_FRAMEWORKS_DIR)",
				);
				GCC_PRECOMPILE_PREFIX_HEADER = YES;
				GCC_PREFIX_HEADER = "XHRefreshControlExample/XHRefreshControlExample-Prefix.pch";
				INFOPLIST_FILE = "XHRefreshControlExampleTests/XHRefreshControlExampleTests-Info.plist";
				PRODUCT_NAME = "$(TARGET_NAME)";
				TEST_HOST = "$(BUNDLE_LOADER)";
				WRAPPER_EXTENSION = xctest;
			};
			name = Release;
		};
/* End XCBuildConfiguration section */

/* Begin XCConfigurationList section */
		AB0B344719429D4700EC0072 /* Build configuration list for PBXProject "XHRefreshControlExample" */ = {
			isa = XCConfigurationList;
			buildConfigurations = (
				AB0B347F19429D4800EC0072 /* Debug */,
				AB0B348019429D4800EC0072 /* Release */,
			);
			defaultConfigurationIsVisible = 0;
			defaultConfigurationName = Release;
		};
		AB0B348119429D4800EC0072 /* Build configuration list for PBXNativeTarget "XHRefreshControlExample" */ = {
			isa = XCConfigurationList;
			buildConfigurations = (
				AB0B348219429D4800EC0072 /* Debug */,
				AB0B348319429D4800EC0072 /* Release */,
			);
			defaultConfigurationIsVisible = 0;
			defaultConfigurationName = Release;
		};
		AB0B348419429D4800EC0072 /* Build configuration list for PBXNativeTarget "XHRefreshControlExampleTests" */ = {
			isa = XCConfigurationList;
			buildConfigurations = (
				AB0B348519429D4800EC0072 /* Debug */,
				AB0B348619429D4800EC0072 /* Release */,
			);
			defaultConfigurationIsVisible = 0;
			defaultConfigurationName = Release;
		};
/* End XCConfigurationList section */
	};
	rootObject = AB0B344419429D4700EC0072 /* Project object */;
}
